id: class-warlock-draenei
name: Warlock Class Quests (Draenei)
faction: alliance
race: draenei
class: warlock
level_min: 1
level_max: 80
steps:
- id: q1717_accept
  name: Accept Gakin's Summons
  type: accept_quest
  quest_id: 1717
  npc_id: 6120
  map_id: 0
  coordinates:
    x: -4618.12
    y: -1090.13
    z: 501.45
    radius: 5.0
  timeout_seconds: 300
- id: q1717_turnin
  name: Turn in Gakin's Summons
  type: turn_in_quest
  quest_id: 1717
  npc_id: 6122
  map_id: 0
  coordinates:
    x: -8983.0
    y: 1041.52
    z: 101.49
    radius: 5.0
  timeout_seconds: 300
