id: class-warlock-troll
name: Warlock Class Quests (Troll)
faction: horde
race: troll
class: warlock
level_min: 1
level_max: 80
steps:
- id: q1507_accept
  name: Accept Devourer of Souls
  type: accept_quest
  quest_id: 1507
  npc_id: 5875
  map_id: 1
  coordinates:
    x: 1850.31
    y: -4357.3
    z: -14.69
    radius: 5.0
  timeout_seconds: 300
- id: q1507_turnin
  name: Turn in Devourer of Souls
  type: turn_in_quest
  quest_id: 1507
  npc_id: 5909
  map_id: 1
  coordinates:
    x: 1839.54
    y: -4340.73
    z: -15.19
    radius: 5.0
  timeout_seconds: 300
- id: q1508_accept
  name: Accept Blind Cazul
  type: accept_quest
  quest_id: 1508
  npc_id: 5909
  map_id: 1
  coordinates:
    x: 1839.54
    y: -4340.73
    z: -15.19
    radius: 5.0
  timeout_seconds: 300
- id: q1508_turnin
  name: Turn in Blind Cazul
  type: turn_in_quest
  quest_id: 1508
  npc_id: 5910
  map_id: 1
  coordinates:
    x: 1717.78
    y: -4200.11
    z: 51.98
    radius: 5.0
  timeout_seconds: 300
- id: q1509_accept
  name: Accept News of Dogran
  type: accept_quest
  quest_id: 1509
  npc_id: 5910
  map_id: 1
  coordinates:
    x: 1717.78
    y: -4200.11
    z: 51.98
    radius: 5.0
  timeout_seconds: 300
- id: q1509_turnin
  name: Turn in News of Dogran
  type: turn_in_quest
  quest_id: 1509
  npc_id: 3464
  map_id: 1
  coordinates:
    x: -435.95
    y: -2639.21
    z: 96.36
    radius: 5.0
  timeout_seconds: 300
- id: q1510_accept
  name: Accept News of Dogran
  type: accept_quest
  quest_id: 1510
  npc_id: 3464
  map_id: 1
  coordinates:
    x: -435.95
    y: -2639.21
    z: 96.36
    radius: 5.0
  timeout_seconds: 300
  nearest_vendor:
    entry: 2698
    name: George Candarte
    x: -415.5
    y: -1878.0
    z: 73.3
    can_repair: false
- id: q1510_turnin
  name: Turn in News of Dogran
  type: turn_in_quest
  quest_id: 1510
  npc_id: 4197
  map_id: 1
  coordinates:
    x: -180.86
    y: -331.13
    z: 9.77
    radius: 5.0
  timeout_seconds: 300
